
Microsoft Visual Studio Solution File, Format Version 12.00
# Visual Studio Version 17
VisualStudioVersion = 17.8.34330.188
MinimumVisualStudioVersion = 10.0.40219.1
Project("{FAE04EC0-301F-11D3-BF4B-00C04F79EFBC}") = "QLSinhVienHunre", "QLSinhVienHunre.csproj", "{70F9D9D7-09B3-4BBD-93B0-2FDF61D6A752}"
EndProject
Global
	GlobalSection(SolutionConfigurationPlatforms) = preSolution
		Debug|Any CPU = Debug|Any CPU
		Release|Any CPU = Release|Any CPU
	EndGlobalSection
	GlobalSection(ProjectConfigurationPlatforms) = postSolution
		{70F9D9D7-09B3-4BBD-93B0-2FDF61D6A752}.Debug|Any CPU.ActiveCfg = Debug|Any CPU
		{70F9D9D7-09B3-4BBD-93B0-2FDF61D6A752}.Debug|Any CPU.Build.0 = Debug|Any CPU
		{70F9D9D7-09B3-4BBD-93B0-2FDF61D6A752}.Release|Any CPU.ActiveCfg = Release|Any CPU
		{70F9D9D7-09B3-4BBD-93B0-2FDF61D6A752}.Release|Any CPU.Build.0 = Release|Any CPU
	EndGlobalSection
	GlobalSection(SolutionProperties) = preSolution
		HideSolutionNode = FALSE
	EndGlobalSection
	GlobalSection(ExtensibilityGlobals) = postSolution
		SolutionGuid = {150680C4-CF0A-4CA4-8F49-A63552AB95E1}
	EndGlobalSection
EndGlobal
